
Microsoft Visual Studio Solution File, Format Version 12.00
# Visual Studio Version 16
VisualStudioVersion = 16.0.30523.141
MinimumVisualStudioVersion = 10.0.40219.1
Project("{FAE04EC0-301F-11D3-BF4B-00C04F79EFBC}") = "TekstiFailiDemo", "TekstiFailiDemo\TekstiFailiDemo.csproj", "{5E4A71A1-5004-40B0-9AA2-71C61EDDD8BA}"
EndProject
Global
	GlobalSection(SolutionConfigurationPlatforms) = preSolution
		Debug|Any CPU = Debug|Any CPU
		Release|Any CPU = Release|Any CPU
	EndGlobalSection
	GlobalSection(ProjectConfigurationPlatforms) = postSolution
		{5E4A71A1-5004-40B0-9AA2-71C61EDDD8BA}.Debug|Any CPU.ActiveCfg = Debug|Any CPU
		{5E4A71A1-5004-40B0-9AA2-71C61EDDD8BA}.Debug|Any CPU.Build.0 = Debug|Any CPU
		{5E4A71A1-5004-40B0-9AA2-71C61EDDD8BA}.Release|Any CPU.ActiveCfg = Release|Any CPU
		{5E4A71A1-5004-40B0-9AA2-71C61EDDD8BA}.Release|Any CPU.Build.0 = Release|Any CPU
	EndGlobalSection
	GlobalSection(SolutionProperties) = preSolution
		HideSolutionNode = FALSE
	EndGlobalSection
	GlobalSection(ExtensibilityGlobals) = postSolution
		SolutionGuid = {4A362CB8-B3F8-430C-921E-CF3667A964D7}
	EndGlobalSection
EndGlobal
