
Microsoft Visual Studio Solution File, Format Version 12.00
# Visual Studio Version 16
VisualStudioVersion = 16.0.30907.101
MinimumVisualStudioVersion = 10.0.40219.1
Project("{FAE04EC0-301F-11D3-BF4B-00C04F79EFBC}") = "PärilusDemo", "PärilusDemo\PärilusDemo.csproj", "{C84A2861-C8AB-42B7-AA69-61FB6C4A58D2}"
EndProject
Global
	GlobalSection(SolutionConfigurationPlatforms) = preSolution
		Debug|Any CPU = Debug|Any CPU
		Release|Any CPU = Release|Any CPU
	EndGlobalSection
	GlobalSection(ProjectConfigurationPlatforms) = postSolution
		{C84A2861-C8AB-42B7-AA69-61FB6C4A58D2}.Debug|Any CPU.ActiveCfg = Debug|Any CPU
		{C84A2861-C8AB-42B7-AA69-61FB6C4A58D2}.Debug|Any CPU.Build.0 = Debug|Any CPU
		{C84A2861-C8AB-42B7-AA69-61FB6C4A58D2}.Release|Any CPU.ActiveCfg = Release|Any CPU
		{C84A2861-C8AB-42B7-AA69-61FB6C4A58D2}.Release|Any CPU.Build.0 = Release|Any CPU
	EndGlobalSection
	GlobalSection(SolutionProperties) = preSolution
		HideSolutionNode = FALSE
	EndGlobalSection
	GlobalSection(ExtensibilityGlobals) = postSolution
		SolutionGuid = {A0862B97-E4F5-4475-8EBE-1D598E387CB2}
	EndGlobalSection
EndGlobal
