
Microsoft Visual Studio Solution File, Format Version 12.00
# Visual Studio Version 16
VisualStudioVersion = 16.0.30907.101
MinimumVisualStudioVersion = 10.0.40219.1
Project("{FAE04EC0-301F-11D3-BF4B-00C04F79EFBC}") = "LiidesDemo", "LiidesDemo\LiidesDemo.csproj", "{83100666-D3D2-451A-A636-24AB7D125A1D}"
EndProject
Global
	GlobalSection(SolutionConfigurationPlatforms) = preSolution
		Debug|Any CPU = Debug|Any CPU
		Release|Any CPU = Release|Any CPU
	EndGlobalSection
	GlobalSection(ProjectConfigurationPlatforms) = postSolution
		{83100666-D3D2-451A-A636-24AB7D125A1D}.Debug|Any CPU.ActiveCfg = Debug|Any CPU
		{83100666-D3D2-451A-A636-24AB7D125A1D}.Debug|Any CPU.Build.0 = Debug|Any CPU
		{83100666-D3D2-451A-A636-24AB7D125A1D}.Release|Any CPU.ActiveCfg = Release|Any CPU
		{83100666-D3D2-451A-A636-24AB7D125A1D}.Release|Any CPU.Build.0 = Release|Any CPU
	EndGlobalSection
	GlobalSection(SolutionProperties) = preSolution
		HideSolutionNode = FALSE
	EndGlobalSection
	GlobalSection(ExtensibilityGlobals) = postSolution
		SolutionGuid = {648124DE-744B-4578-A521-1078920D4353}
	EndGlobalSection
EndGlobal
