
Microsoft Visual Studio Solution File, Format Version 12.00
# Visual Studio Version 16
VisualStudioVersion = 16.0.30523.141
MinimumVisualStudioVersion = 10.0.40219.1
Project("{FAE04EC0-301F-11D3-BF4B-00C04F79EFBC}") = "AlamprogrammiNaited", "AlamprogrammiNaited\AlamprogrammiNaited.csproj", "{2E9677E3-CE92-40DC-94E1-CF0249ABC840}"
EndProject
Global
	GlobalSection(SolutionConfigurationPlatforms) = preSolution
		Debug|Any CPU = Debug|Any CPU
		Release|Any CPU = Release|Any CPU
	EndGlobalSection
	GlobalSection(ProjectConfigurationPlatforms) = postSolution
		{2E9677E3-CE92-40DC-94E1-CF0249ABC840}.Debug|Any CPU.ActiveCfg = Debug|Any CPU
		{2E9677E3-CE92-40DC-94E1-CF0249ABC840}.Debug|Any CPU.Build.0 = Debug|Any CPU
		{2E9677E3-CE92-40DC-94E1-CF0249ABC840}.Release|Any CPU.ActiveCfg = Release|Any CPU
		{2E9677E3-CE92-40DC-94E1-CF0249ABC840}.Release|Any CPU.Build.0 = Release|Any CPU
	EndGlobalSection
	GlobalSection(SolutionProperties) = preSolution
		HideSolutionNode = FALSE
	EndGlobalSection
	GlobalSection(ExtensibilityGlobals) = postSolution
		SolutionGuid = {9922BC5F-3636-4B54-A00D-77F449167401}
	EndGlobalSection
EndGlobal
