
Microsoft Visual Studio Solution File, Format Version 12.00
# Visual Studio Version 16
VisualStudioVersion = 16.0.30523.141
MinimumVisualStudioVersion = 10.0.40219.1
Project("{FAE04EC0-301F-11D3-BF4B-00C04F79EFBC}") = "ValikuNäited", "ValikuNäited\ValikuNäited.csproj", "{56F550A0-A2FA-4919-AEA1-8846C4F349E7}"
EndProject
Global
	GlobalSection(SolutionConfigurationPlatforms) = preSolution
		Debug|Any CPU = Debug|Any CPU
		Release|Any CPU = Release|Any CPU
	EndGlobalSection
	GlobalSection(ProjectConfigurationPlatforms) = postSolution
		{56F550A0-A2FA-4919-AEA1-8846C4F349E7}.Debug|Any CPU.ActiveCfg = Debug|Any CPU
		{56F550A0-A2FA-4919-AEA1-8846C4F349E7}.Debug|Any CPU.Build.0 = Debug|Any CPU
		{56F550A0-A2FA-4919-AEA1-8846C4F349E7}.Release|Any CPU.ActiveCfg = Release|Any CPU
		{56F550A0-A2FA-4919-AEA1-8846C4F349E7}.Release|Any CPU.Build.0 = Release|Any CPU
	EndGlobalSection
	GlobalSection(SolutionProperties) = preSolution
		HideSolutionNode = FALSE
	EndGlobalSection
	GlobalSection(ExtensibilityGlobals) = postSolution
		SolutionGuid = {EC34AF7F-CC16-4A31-8BEC-B0C29EC01EC3}
	EndGlobalSection
EndGlobal
